
Microsoft Visual Studio Solution File, Format Version 12.00
# Visual Studio Version 17
VisualStudioVersion = 17.7.34009.444
MinimumVisualStudioVersion = 10.0.40219.1
Project("{FAE04EC0-301F-11D3-BF4B-00C04F79EFBC}") = "242", "242.csproj", "{B0136249-3002-45AF-B22C-1757D4D14C67}"
EndProject
Global
	GlobalSection(SolutionConfigurationPlatforms) = preSolution
		Debug|Any CPU = Debug|Any CPU
		Release|Any CPU = Release|Any CPU
	EndGlobalSection
	GlobalSection(ProjectConfigurationPlatforms) = postSolution
		{B0136249-3002-45AF-B22C-1757D4D14C67}.Debug|Any CPU.ActiveCfg = Debug|Any CPU
		{B0136249-3002-45AF-B22C-1757D4D14C67}.Debug|Any CPU.Build.0 = Debug|Any CPU
		{B0136249-3002-45AF-B22C-1757D4D14C67}.Release|Any CPU.ActiveCfg = Release|Any CPU
		{B0136249-3002-45AF-B22C-1757D4D14C67}.Release|Any CPU.Build.0 = Release|Any CPU
	EndGlobalSection
	GlobalSection(SolutionProperties) = preSolution
		HideSolutionNode = FALSE
	EndGlobalSection
	GlobalSection(ExtensibilityGlobals) = postSolution
		SolutionGuid = {57C69732-D6B1-4965-B109-1DD6F538AC40}
	EndGlobalSection
EndGlobal
