
Microsoft Visual Studio Solution File, Format Version 12.00
# Visual Studio Version 17
VisualStudioVersion = 17.12.35707.178 d17.12
MinimumVisualStudioVersion = 10.0.40219.1
Project("{FAE04EC0-301F-11D3-BF4B-00C04F79EFBC}") = "53", "53.csproj", "{FEBBA8FD-EB52-437E-A145-96C6C01223C3}"
EndProject
Global
	GlobalSection(SolutionConfigurationPlatforms) = preSolution
		Debug|Any CPU = Debug|Any CPU
		Release|Any CPU = Release|Any CPU
	EndGlobalSection
	GlobalSection(ProjectConfigurationPlatforms) = postSolution
		{FEBBA8FD-EB52-437E-A145-96C6C01223C3}.Debug|Any CPU.ActiveCfg = Debug|Any CPU
		{FEBBA8FD-EB52-437E-A145-96C6C01223C3}.Debug|Any CPU.Build.0 = Debug|Any CPU
		{FEBBA8FD-EB52-437E-A145-96C6C01223C3}.Release|Any CPU.ActiveCfg = Release|Any CPU
		{FEBBA8FD-EB52-437E-A145-96C6C01223C3}.Release|Any CPU.Build.0 = Release|Any CPU
	EndGlobalSection
	GlobalSection(SolutionProperties) = preSolution
		HideSolutionNode = FALSE
	EndGlobalSection
EndGlobal
