
Microsoft Visual Studio Solution File, Format Version 12.00
# Visual Studio Version 17
VisualStudioVersion = 17.7.34009.444
MinimumVisualStudioVersion = 10.0.40219.1
Project("{FAE04EC0-301F-11D3-BF4B-00C04F79EFBC}") = "682", "682.csproj", "{DE4FC8E3-B5F9-48B7-B17A-EFA1C1FDB009}"
EndProject
Global
	GlobalSection(SolutionConfigurationPlatforms) = preSolution
		Debug|Any CPU = Debug|Any CPU
		Release|Any CPU = Release|Any CPU
	EndGlobalSection
	GlobalSection(ProjectConfigurationPlatforms) = postSolution
		{DE4FC8E3-B5F9-48B7-B17A-EFA1C1FDB009}.Debug|Any CPU.ActiveCfg = Debug|Any CPU
		{DE4FC8E3-B5F9-48B7-B17A-EFA1C1FDB009}.Debug|Any CPU.Build.0 = Debug|Any CPU
		{DE4FC8E3-B5F9-48B7-B17A-EFA1C1FDB009}.Release|Any CPU.ActiveCfg = Release|Any CPU
		{DE4FC8E3-B5F9-48B7-B17A-EFA1C1FDB009}.Release|Any CPU.Build.0 = Release|Any CPU
	EndGlobalSection
	GlobalSection(SolutionProperties) = preSolution
		HideSolutionNode = FALSE
	EndGlobalSection
	GlobalSection(ExtensibilityGlobals) = postSolution
		SolutionGuid = {4A2907D6-31A0-4D43-AFAB-3904F4EED530}
	EndGlobalSection
EndGlobal
