
Microsoft Visual Studio Solution File, Format Version 12.00
# Visual Studio Version 17
VisualStudioVersion = 17.7.34009.444
MinimumVisualStudioVersion = 10.0.40219.1
Project("{FAE04EC0-301F-11D3-BF4B-00C04F79EFBC}") = "1523", "1523.csproj", "{3A22ECEA-90E1-41E8-BAA8-714B63F54EB1}"
EndProject
Global
	GlobalSection(SolutionConfigurationPlatforms) = preSolution
		Debug|Any CPU = Debug|Any CPU
		Release|Any CPU = Release|Any CPU
	EndGlobalSection
	GlobalSection(ProjectConfigurationPlatforms) = postSolution
		{3A22ECEA-90E1-41E8-BAA8-714B63F54EB1}.Debug|Any CPU.ActiveCfg = Debug|Any CPU
		{3A22ECEA-90E1-41E8-BAA8-714B63F54EB1}.Debug|Any CPU.Build.0 = Debug|Any CPU
		{3A22ECEA-90E1-41E8-BAA8-714B63F54EB1}.Release|Any CPU.ActiveCfg = Release|Any CPU
		{3A22ECEA-90E1-41E8-BAA8-714B63F54EB1}.Release|Any CPU.Build.0 = Release|Any CPU
	EndGlobalSection
	GlobalSection(SolutionProperties) = preSolution
		HideSolutionNode = FALSE
	EndGlobalSection
	GlobalSection(ExtensibilityGlobals) = postSolution
		SolutionGuid = {E81FF208-FA86-4626-869F-80EDC8478455}
	EndGlobalSection
EndGlobal
