
Microsoft Visual Studio Solution File, Format Version 12.00
# Visual Studio Version 17
VisualStudioVersion = 17.7.34009.444
MinimumVisualStudioVersion = 10.0.40219.1
Project("{FAE04EC0-301F-11D3-BF4B-00C04F79EFBC}") = "1232", "1232.csproj", "{1C59D955-68FD-4EDD-97E8-CACEAB05E804}"
EndProject
Global
	GlobalSection(SolutionConfigurationPlatforms) = preSolution
		Debug|Any CPU = Debug|Any CPU
		Release|Any CPU = Release|Any CPU
	EndGlobalSection
	GlobalSection(ProjectConfigurationPlatforms) = postSolution
		{1C59D955-68FD-4EDD-97E8-CACEAB05E804}.Debug|Any CPU.ActiveCfg = Debug|Any CPU
		{1C59D955-68FD-4EDD-97E8-CACEAB05E804}.Debug|Any CPU.Build.0 = Debug|Any CPU
		{1C59D955-68FD-4EDD-97E8-CACEAB05E804}.Release|Any CPU.ActiveCfg = Release|Any CPU
		{1C59D955-68FD-4EDD-97E8-CACEAB05E804}.Release|Any CPU.Build.0 = Release|Any CPU
	EndGlobalSection
	GlobalSection(SolutionProperties) = preSolution
		HideSolutionNode = FALSE
	EndGlobalSection
	GlobalSection(ExtensibilityGlobals) = postSolution
		SolutionGuid = {6F07BF42-00FC-4108-B88A-643E1C26AC73}
	EndGlobalSection
EndGlobal
