
Microsoft Visual Studio Solution File, Format Version 12.00
# Visual Studio Version 17
VisualStudioVersion = 17.7.34009.444
MinimumVisualStudioVersion = 10.0.40219.1
Project("{FAE04EC0-301F-11D3-BF4B-00C04F79EFBC}") = "28", "28.csproj", "{7090EA7B-8740-4373-AEF1-D06EEA17EA16}"
EndProject
Global
	GlobalSection(SolutionConfigurationPlatforms) = preSolution
		Debug|Any CPU = Debug|Any CPU
		Release|Any CPU = Release|Any CPU
	EndGlobalSection
	GlobalSection(ProjectConfigurationPlatforms) = postSolution
		{7090EA7B-8740-4373-AEF1-D06EEA17EA16}.Debug|Any CPU.ActiveCfg = Debug|Any CPU
		{7090EA7B-8740-4373-AEF1-D06EEA17EA16}.Debug|Any CPU.Build.0 = Debug|Any CPU
		{7090EA7B-8740-4373-AEF1-D06EEA17EA16}.Release|Any CPU.ActiveCfg = Release|Any CPU
		{7090EA7B-8740-4373-AEF1-D06EEA17EA16}.Release|Any CPU.Build.0 = Release|Any CPU
	EndGlobalSection
	GlobalSection(SolutionProperties) = preSolution
		HideSolutionNode = FALSE
	EndGlobalSection
	GlobalSection(ExtensibilityGlobals) = postSolution
		SolutionGuid = {CD628057-A48E-487C-B5E3-B32E38133316}
	EndGlobalSection
EndGlobal
