
Microsoft Visual Studio Solution File, Format Version 12.00
# Visual Studio Version 17
VisualStudioVersion = 17.7.34009.444
MinimumVisualStudioVersion = 10.0.40219.1
Project("{FAE04EC0-301F-11D3-BF4B-00C04F79EFBC}") = "21", "21.csproj", "{5332A07E-E890-4615-B444-4C36D7B2FFAD}"
EndProject
Global
	GlobalSection(SolutionConfigurationPlatforms) = preSolution
		Debug|Any CPU = Debug|Any CPU
		Release|Any CPU = Release|Any CPU
	EndGlobalSection
	GlobalSection(ProjectConfigurationPlatforms) = postSolution
		{5332A07E-E890-4615-B444-4C36D7B2FFAD}.Debug|Any CPU.ActiveCfg = Debug|Any CPU
		{5332A07E-E890-4615-B444-4C36D7B2FFAD}.Debug|Any CPU.Build.0 = Debug|Any CPU
		{5332A07E-E890-4615-B444-4C36D7B2FFAD}.Release|Any CPU.ActiveCfg = Release|Any CPU
		{5332A07E-E890-4615-B444-4C36D7B2FFAD}.Release|Any CPU.Build.0 = Release|Any CPU
	EndGlobalSection
	GlobalSection(SolutionProperties) = preSolution
		HideSolutionNode = FALSE
	EndGlobalSection
	GlobalSection(ExtensibilityGlobals) = postSolution
		SolutionGuid = {F9F3C420-AE19-495C-B565-D4246DD495E1}
	EndGlobalSection
EndGlobal
