
Microsoft Visual Studio Solution File, Format Version 12.00
# Visual Studio Version 17
VisualStudioVersion = 17.12.35707.178 d17.12
MinimumVisualStudioVersion = 10.0.40219.1
Project("{FAE04EC0-301F-11D3-BF4B-00C04F79EFBC}") = "2042", "2042.csproj", "{EDF7F6C3-B465-4F7E-92E2-51C013378DDF}"
EndProject
Global
	GlobalSection(SolutionConfigurationPlatforms) = preSolution
		Debug|Any CPU = Debug|Any CPU
		Release|Any CPU = Release|Any CPU
	EndGlobalSection
	GlobalSection(ProjectConfigurationPlatforms) = postSolution
		{EDF7F6C3-B465-4F7E-92E2-51C013378DDF}.Debug|Any CPU.ActiveCfg = Debug|Any CPU
		{EDF7F6C3-B465-4F7E-92E2-51C013378DDF}.Debug|Any CPU.Build.0 = Debug|Any CPU
		{EDF7F6C3-B465-4F7E-92E2-51C013378DDF}.Release|Any CPU.ActiveCfg = Release|Any CPU
		{EDF7F6C3-B465-4F7E-92E2-51C013378DDF}.Release|Any CPU.Build.0 = Release|Any CPU
	EndGlobalSection
	GlobalSection(SolutionProperties) = preSolution
		HideSolutionNode = FALSE
	EndGlobalSection
EndGlobal
