
Microsoft Visual Studio Solution File, Format Version 12.00
# Visual Studio Version 17
VisualStudioVersion = 17.7.34009.444
MinimumVisualStudioVersion = 10.0.40219.1
Project("{FAE04EC0-301F-11D3-BF4B-00C04F79EFBC}") = "347", "347.csproj", "{D61300A4-41DF-446F-97AF-3CC8B0B1E028}"
EndProject
Global
	GlobalSection(SolutionConfigurationPlatforms) = preSolution
		Debug|Any CPU = Debug|Any CPU
		Release|Any CPU = Release|Any CPU
	EndGlobalSection
	GlobalSection(ProjectConfigurationPlatforms) = postSolution
		{D61300A4-41DF-446F-97AF-3CC8B0B1E028}.Debug|Any CPU.ActiveCfg = Debug|Any CPU
		{D61300A4-41DF-446F-97AF-3CC8B0B1E028}.Debug|Any CPU.Build.0 = Debug|Any CPU
		{D61300A4-41DF-446F-97AF-3CC8B0B1E028}.Release|Any CPU.ActiveCfg = Release|Any CPU
		{D61300A4-41DF-446F-97AF-3CC8B0B1E028}.Release|Any CPU.Build.0 = Release|Any CPU
	EndGlobalSection
	GlobalSection(SolutionProperties) = preSolution
		HideSolutionNode = FALSE
	EndGlobalSection
	GlobalSection(ExtensibilityGlobals) = postSolution
		SolutionGuid = {19C4A7B6-EEC0-47DF-AF9C-92081E019A54}
	EndGlobalSection
EndGlobal
