
Microsoft Visual Studio Solution File, Format Version 12.00
# Visual Studio Version 17
VisualStudioVersion = 17.7.34009.444
MinimumVisualStudioVersion = 10.0.40219.1
Project("{FAE04EC0-301F-11D3-BF4B-00C04F79EFBC}") = "80", "80.csproj", "{01B701C9-7730-48BB-9570-A4E432990AB8}"
EndProject
Global
	GlobalSection(SolutionConfigurationPlatforms) = preSolution
		Debug|Any CPU = Debug|Any CPU
		Release|Any CPU = Release|Any CPU
	EndGlobalSection
	GlobalSection(ProjectConfigurationPlatforms) = postSolution
		{01B701C9-7730-48BB-9570-A4E432990AB8}.Debug|Any CPU.ActiveCfg = Debug|Any CPU
		{01B701C9-7730-48BB-9570-A4E432990AB8}.Debug|Any CPU.Build.0 = Debug|Any CPU
		{01B701C9-7730-48BB-9570-A4E432990AB8}.Release|Any CPU.ActiveCfg = Release|Any CPU
		{01B701C9-7730-48BB-9570-A4E432990AB8}.Release|Any CPU.Build.0 = Release|Any CPU
	EndGlobalSection
	GlobalSection(SolutionProperties) = preSolution
		HideSolutionNode = FALSE
	EndGlobalSection
	GlobalSection(ExtensibilityGlobals) = postSolution
		SolutionGuid = {C6949FB3-1112-4DDE-9543-09B1CE26C628}
	EndGlobalSection
EndGlobal
